{
  "originHash" : "2796535f10e5823f804eaf7b5721755479921c01abf942265dce3f173b0c94fe",
  "pins" : [
    {
      "identity" : "keyboardmanagerlibrary",
      "kind" : "remoteSourceControl",
      "location" : "https://github.com/1domybest/KeyboardManagerLibrary.git",
      "state" : {
        "revision" : "8f994aad4faae2e9493836097f731dc1333d2cdf",
        "version" : "1.0.0"
      }
    }
  ],
  "version" : 3
}
